
Microsoft Visual Studio Solution File, Format Version 12.00
# Visual Studio Version 17
VisualStudioVersion = 17.8.34408.163
MinimumVisualStudioVersion = 10.0.40219.1
Project("{8BC9CEB8-8B4A-11D0-8D11-00A0C91BC942}") = "cbt_hook", "cbt_hook\cbt_hook.vcxproj", "{24E5C71B-C376-42F6-B056-201BBE5518F4}"
EndProject
Project("{8BC9CEB8-8B4A-11D0-8D11-00A0C91BC942}") = "cbt_client", "cbt_client\cbt_client.vcxproj", "{F5993179-2254-4EA1-90E6-0FFE6F3472CA}"
EndProject
Project("{8BC9CEB8-8B4A-11D0-8D11-00A0C91BC942}") = "test_EnumWindows", "test_EnumWindows\test_EnumWindows.vcxproj", "{B98C3402-4141-4813-818B-B7ECB065D99E}"
EndProject
Project("{8BC9CEB8-8B4A-11D0-8D11-00A0C91BC942}") = "hwndObserver", "hwndObserver\hwndObserver.vcxproj", "{DEC81479-1563-4BE8-ABBB-E8340296AE2D}"
EndProject
Global
	GlobalSection(SolutionConfigurationPlatforms) = preSolution
		Debug|x64 = Debug|x64
		Debug|x86 = Debug|x86
		Release|x64 = Release|x64
		Release|x86 = Release|x86
	EndGlobalSection
	GlobalSection(ProjectConfigurationPlatforms) = postSolution
		{24E5C71B-C376-42F6-B056-201BBE5518F4}.Debug|x64.ActiveCfg = Debug|x64
		{24E5C71B-C376-42F6-B056-201BBE5518F4}.Debug|x64.Build.0 = Debug|x64
		{24E5C71B-C376-42F6-B056-201BBE5518F4}.Debug|x86.ActiveCfg = Debug|Win32
		{24E5C71B-C376-42F6-B056-201BBE5518F4}.Debug|x86.Build.0 = Debug|Win32
		{24E5C71B-C376-42F6-B056-201BBE5518F4}.Release|x64.ActiveCfg = Release|x64
		{24E5C71B-C376-42F6-B056-201BBE5518F4}.Release|x64.Build.0 = Release|x64
		{24E5C71B-C376-42F6-B056-201BBE5518F4}.Release|x86.ActiveCfg = Release|Win32
		{24E5C71B-C376-42F6-B056-201BBE5518F4}.Release|x86.Build.0 = Release|Win32
		{F5993179-2254-4EA1-90E6-0FFE6F3472CA}.Debug|x64.ActiveCfg = Debug|x64
		{F5993179-2254-4EA1-90E6-0FFE6F3472CA}.Debug|x64.Build.0 = Debug|x64
		{F5993179-2254-4EA1-90E6-0FFE6F3472CA}.Debug|x86.ActiveCfg = Debug|Win32
		{F5993179-2254-4EA1-90E6-0FFE6F3472CA}.Debug|x86.Build.0 = Debug|Win32
		{F5993179-2254-4EA1-90E6-0FFE6F3472CA}.Release|x64.ActiveCfg = Release|x64
		{F5993179-2254-4EA1-90E6-0FFE6F3472CA}.Release|x64.Build.0 = Release|x64
		{F5993179-2254-4EA1-90E6-0FFE6F3472CA}.Release|x86.ActiveCfg = Release|Win32
		{F5993179-2254-4EA1-90E6-0FFE6F3472CA}.Release|x86.Build.0 = Release|Win32
		{B98C3402-4141-4813-818B-B7ECB065D99E}.Debug|x64.ActiveCfg = Debug|x64
		{B98C3402-4141-4813-818B-B7ECB065D99E}.Debug|x64.Build.0 = Debug|x64
		{B98C3402-4141-4813-818B-B7ECB065D99E}.Debug|x86.ActiveCfg = Debug|Win32
		{B98C3402-4141-4813-818B-B7ECB065D99E}.Debug|x86.Build.0 = Debug|Win32
		{B98C3402-4141-4813-818B-B7ECB065D99E}.Release|x64.ActiveCfg = Release|x64
		{B98C3402-4141-4813-818B-B7ECB065D99E}.Release|x64.Build.0 = Release|x64
		{B98C3402-4141-4813-818B-B7ECB065D99E}.Release|x86.ActiveCfg = Release|Win32
		{B98C3402-4141-4813-818B-B7ECB065D99E}.Release|x86.Build.0 = Release|Win32
		{DEC81479-1563-4BE8-ABBB-E8340296AE2D}.Debug|x64.ActiveCfg = Debug|x64
		{DEC81479-1563-4BE8-ABBB-E8340296AE2D}.Debug|x64.Build.0 = Debug|x64
		{DEC81479-1563-4BE8-ABBB-E8340296AE2D}.Debug|x86.ActiveCfg = Debug|Win32
		{DEC81479-1563-4BE8-ABBB-E8340296AE2D}.Debug|x86.Build.0 = Debug|Win32
		{DEC81479-1563-4BE8-ABBB-E8340296AE2D}.Release|x64.ActiveCfg = Release|x64
		{DEC81479-1563-4BE8-ABBB-E8340296AE2D}.Release|x64.Build.0 = Release|x64
		{DEC81479-1563-4BE8-ABBB-E8340296AE2D}.Release|x86.ActiveCfg = Release|Win32
		{DEC81479-1563-4BE8-ABBB-E8340296AE2D}.Release|x86.Build.0 = Release|Win32
	EndGlobalSection
	GlobalSection(SolutionProperties) = preSolution
		HideSolutionNode = FALSE
	EndGlobalSection
	GlobalSection(ExtensibilityGlobals) = postSolution
		SolutionGuid = {0E30C052-22B3-4AAD-AC12-1871B4729B88}
	EndGlobalSection
EndGlobal
